<?xml version="1.0" encoding="UTF-8" standalone="yes" ?>
<CodeBlocks_project_file>
	<FileVersion major="1" minor="6" />
	<Project>
		<Option title="c0_compiler" />
		<Option pch_mode="2" />
		<Option compiler="gcc" />
		<Build>
			<Target title="Debug">
				<Option output="bin/Debug/c0_compiler" prefix_auto="1" extension_auto="1" />
				<Option object_output="obj/Debug/" />
				<Option type="1" />
				<Option compiler="gcc" />
				<Compiler>
					<Add option="-g" />
				</Compiler>
			</Target>
			<Target title="Release">
				<Option output="bin/Release/c0_compiler" prefix_auto="1" extension_auto="1" />
				<Option object_output="obj/Release/" />
				<Option type="1" />
				<Option compiler="gcc" />
				<Compiler>
					<Add option="-O2" />
				</Compiler>
				<Linker>
					<Add option="-s" />
				</Linker>
			</Target>
		</Build>
		<Compiler>
			<Add option="-Wall" />
			<Add option="-fexceptions" />
		</Compiler>
		<Unit filename="ass_opt.cpp" />
		<Unit filename="ass_opt.h" />
		<Unit filename="dag_opt.cpp" />
		<Unit filename="dag_opt.h" />
		<Unit filename="gram.cpp" />
		<Unit filename="gram.h" />
		<Unit filename="item.cpp" />
		<Unit filename="item.h" />
		<Unit filename="lexical.cpp" />
		<Unit filename="lexical.h" />
		<Unit filename="livevar_ana.cpp" />
		<Unit filename="livevar_ana.h" />
		<Unit filename="main.cpp" />
		<Unit filename="medi.cpp" />
		<Unit filename="medi.h" />
		<Unit filename="reg_recorder.cpp" />
		<Unit filename="reg_recorder.h" />
		<Unit filename="tar.cpp" />
		<Unit filename="tar.h" />
		<Unit filename="vars.h" />
		<Extensions>
			<code_completion />
			<envvars />
			<debugger />
		</Extensions>
	</Project>
</CodeBlocks_project_file>
